// !$*UTF8*$!
{
	archiveVersion = 1;
	classes = {
	};
	objectVersion = 46;
	objects = {

/* Begin PBXBuildFile section */
		FA000EBD1CA2F3DC00B08E49 /* iPad-Downloads.png in Resources */ = {isa = PBXBuildFile; fileRef = FA000EB91CA2F3DC00B08E49 /* iPad-Downloads.png */; };
		FA000EBE1CA2F3DC00B08E49 /* iPad-Featured.png in Resources */ = {isa = PBXBuildFile; fileRef = FA000EBA1CA2F3DC00B08E49 /* iPad-Featured.png */; };
		FA000EBF1CA2F3DC00B08E49 /* iPhone-Downloads.png in Resources */ = {isa = PBXBuildFile; fileRef = FA000EBB1CA2F3DC00B08E49 /* iPhone-Downloads.png */; };
		FA000EC01CA2F3DC00B08E49 /* iPhone-Featured.png in Resources */ = {isa = PBXBuildFile; fileRef = FA000EBC1CA2F3DC00B08E49 /* iPhone-Featured.png */; };
		FAC72D391C21EE4700F4F054 /* AppDelegate.swift in Sources */ = {isa = PBXBuildFile; fileRef = FAC72D381C21EE4700F4F054 /* AppDelegate.swift */; };
		FAC72D401C21EE4700F4F054 /* Main.storyboard in Resources */ = {isa = PBXBuildFile; fileRef = FAC72D3E1C21EE4700F4F054 /* Main.storyboard */; };
		FAC72D421C21EE4700F4F054 /* Assets.xcassets in Resources */ = {isa = PBXBuildFile; fileRef = FAC72D411C21EE4700F4F054 /* Assets.xcassets */; };
		FAC72D451C21EE4800F4F054 /* LaunchScreen.storyboard in Resources */ = {isa = PBXBuildFile; fileRef = FAC72D431C21EE4800F4F054 /* LaunchScreen.storyboard */; };
		FAC72D561C21F71B00F4F054 /* PhotoInfo.swift in Sources */ = {isa = PBXBuildFile; fileRef = FAC72D551C21F71B00F4F054 /* PhotoInfo.swift */; };
		FAC72D581C21F73F00F4F054 /* Comment.swift in Sources */ = {isa = PBXBuildFile; fileRef = FAC72D571C21F73F00F4F054 /* Comment.swift */; };
		FAC72D5A1C21F79E00F4F054 /* PopularPhotoCollectionViewController.swift in Sources */ = {isa = PBXBuildFile; fileRef = FAC72D591C21F79E00F4F054 /* PopularPhotoCollectionViewController.swift */; };
		FAC72D5C1C21F7B700F4F054 /* DownloadedPhotoCollectionViewController.swift in Sources */ = {isa = PBXBuildFile; fileRef = FAC72D5B1C21F7B700F4F054 /* DownloadedPhotoCollectionViewController.swift */; };
		FAC72D5E1C21F7DE00F4F054 /* PhotoDetailViewController.swift in Sources */ = {isa = PBXBuildFile; fileRef = FAC72D5D1C21F7DE00F4F054 /* PhotoDetailViewController.swift */; };
		FAC72D601C21F80400F4F054 /* PhotoCommentsTableViewController.swift in Sources */ = {isa = PBXBuildFile; fileRef = FAC72D5F1C21F80400F4F054 /* PhotoCommentsTableViewController.swift */; };
		FAC72D621C21F89B00F4F054 /* PhotoViewController.swift in Sources */ = {isa = PBXBuildFile; fileRef = FAC72D611C21F89B00F4F054 /* PhotoViewController.swift */; };
		FAC72D641C21F98600F4F054 /* PopularPhotoCollectionViewCell.swift in Sources */ = {isa = PBXBuildFile; fileRef = FAC72D631C21F98600F4F054 /* PopularPhotoCollectionViewCell.swift */; };
		FAC72D661C21F99900F4F054 /* DownloadedPhotoCollectionViewCell.swift in Sources */ = {isa = PBXBuildFile; fileRef = FAC72D651C21F99900F4F054 /* DownloadedPhotoCollectionViewCell.swift */; };
		FAC72D681C21F9B600F4F054 /* CommentTableViewCell.swift in Sources */ = {isa = PBXBuildFile; fileRef = FAC72D671C21F9B600F4F054 /* CommentTableViewCell.swift */; };
		FAC72D6A1C21FA4200F4F054 /* Constants.swift in Sources */ = {isa = PBXBuildFile; fileRef = FAC72D691C21FA4200F4F054 /* Constants.swift */; };
		FAC72D831C2200C600F4F054 /* Alamofire.framework in Frameworks */ = {isa = PBXBuildFile; fileRef = FAC72D761C22005000F4F054 /* Alamofire.framework */; };
		FAC72D841C2200C600F4F054 /* Alamofire.framework in Embed Frameworks */ = {isa = PBXBuildFile; fileRef = FAC72D761C22005000F4F054 /* Alamofire.framework */; settings = {ATTRIBUTES = (CodeSignOnCopy, RemoveHeadersOnCopy, ); }; };
/* End PBXBuildFile section */

/* Begin PBXContainerItemProxy section */
		FAC72D751C22005000F4F054 /* PBXContainerItemProxy */ = {
			isa = PBXContainerItemProxy;
			containerPortal = FAC72D6B1C22004E00F4F054 /* Alamofire.xcodeproj */;
			proxyType = 2;
			remoteGlobalIDString = F8111E3319A95C8B0040E7D1;
			remoteInfo = "Alamofire iOS";
		};
		FAC72D771C22005000F4F054 /* PBXContainerItemProxy */ = {
			isa = PBXContainerItemProxy;
			containerPortal = FAC72D6B1C22004E00F4F054 /* Alamofire.xcodeproj */;
			proxyType = 2;
			remoteGlobalIDString = F8111E3E19A95C8B0040E7D1;
			remoteInfo = "Alamofire iOS Tests";
		};
		FAC72D791C22005000F4F054 /* PBXContainerItemProxy */ = {
			isa = PBXContainerItemProxy;
			containerPortal = FAC72D6B1C22004E00F4F054 /* Alamofire.xcodeproj */;
			proxyType = 2;
			remoteGlobalIDString = 4DD67C0B1A5C55C900ED2280;
			remoteInfo = "Alamofire OSX";
		};
		FAC72D7B1C22005000F4F054 /* PBXContainerItemProxy */ = {
			isa = PBXContainerItemProxy;
			containerPortal = FAC72D6B1C22004E00F4F054 /* Alamofire.xcodeproj */;
			proxyType = 2;
			remoteGlobalIDString = F829C6B21A7A94F100A2CD59;
			remoteInfo = "Alamofire OSX Tests";
		};
		FAC72D7D1C22005000F4F054 /* PBXContainerItemProxy */ = {
			isa = PBXContainerItemProxy;
			containerPortal = FAC72D6B1C22004E00F4F054 /* Alamofire.xcodeproj */;
			proxyType = 2;
			remoteGlobalIDString = 4CF626EF1BA7CB3E0011A099;
			remoteInfo = "Alamofire tvOS";
		};
		FAC72D7F1C22005000F4F054 /* PBXContainerItemProxy */ = {
			isa = PBXContainerItemProxy;
			containerPortal = FAC72D6B1C22004E00F4F054 /* Alamofire.xcodeproj */;
			proxyType = 2;
			remoteGlobalIDString = 4CF626F81BA7CB3E0011A099;
			remoteInfo = "Alamofire tvOS Tests";
		};
		FAC72D811C22005000F4F054 /* PBXContainerItemProxy */ = {
			isa = PBXContainerItemProxy;
			containerPortal = FAC72D6B1C22004E00F4F054 /* Alamofire.xcodeproj */;
			proxyType = 2;
			remoteGlobalIDString = E4202FE01B667AA100C997FB;
			remoteInfo = "Alamofire watchOS";
		};
		FAC72D851C2200C600F4F054 /* PBXContainerItemProxy */ = {
			isa = PBXContainerItemProxy;
			containerPortal = FAC72D6B1C22004E00F4F054 /* Alamofire.xcodeproj */;
			proxyType = 1;
			remoteGlobalIDString = F8111E3219A95C8B0040E7D1;
			remoteInfo = "Alamofire iOS";
		};
/* End PBXContainerItemProxy section */

/* Begin PBXCopyFilesBuildPhase section */
		FAC72D871C2200C700F4F054 /* Embed Frameworks */ = {
			isa = PBXCopyFilesBuildPhase;
			buildActionMask = 2147483647;
			dstPath = "";
			dstSubfolderSpec = 10;
			files = (
				FAC72D841C2200C600F4F054 /* Alamofire.framework in Embed Frameworks */,
			);
			name = "Embed Frameworks";
			runOnlyForDeploymentPostprocessing = 0;
		};
/* End PBXCopyFilesBuildPhase section */

/* Begin PBXFileReference section */
		FA000EB91CA2F3DC00B08E49 /* iPad-Downloads.png */ = {isa = PBXFileReference; lastKnownFileType = image.png; path = "iPad-Downloads.png"; sourceTree = "<group>"; };
		FA000EBA1CA2F3DC00B08E49 /* iPad-Featured.png */ = {isa = PBXFileReference; lastKnownFileType = image.png; path = "iPad-Featured.png"; sourceTree = "<group>"; };
		FA000EBB1CA2F3DC00B08E49 /* iPhone-Downloads.png */ = {isa = PBXFileReference; lastKnownFileType = image.png; path = "iPhone-Downloads.png"; sourceTree = "<group>"; };
		FA000EBC1CA2F3DC00B08E49 /* iPhone-Featured.png */ = {isa = PBXFileReference; lastKnownFileType = image.png; path = "iPhone-Featured.png"; sourceTree = "<group>"; };
		FAC72D351C21EE4700F4F054 /* Photomania.app */ = {isa = PBXFileReference; explicitFileType = wrapper.application; includeInIndex = 0; path = Photomania.app; sourceTree = BUILT_PRODUCTS_DIR; };
		FAC72D381C21EE4700F4F054 /* AppDelegate.swift */ = {isa = PBXFileReference; lastKnownFileType = sourcecode.swift; path = AppDelegate.swift; sourceTree = "<group>"; };
		FAC72D3F1C21EE4700F4F054 /* Base */ = {isa = PBXFileReference; lastKnownFileType = file.storyboard; name = Base; path = Base.lproj/Main.storyboard; sourceTree = "<group>"; };
		FAC72D411C21EE4700F4F054 /* Assets.xcassets */ = {isa = PBXFileReference; lastKnownFileType = folder.assetcatalog; path = Assets.xcassets; sourceTree = "<group>"; };
		FAC72D441C21EE4800F4F054 /* Base */ = {isa = PBXFileReference; lastKnownFileType = file.storyboard; name = Base; path = Base.lproj/LaunchScreen.storyboard; sourceTree = "<group>"; };
		FAC72D461C21EE4800F4F054 /* Info.plist */ = {isa = PBXFileReference; lastKnownFileType = text.plist.xml; path = Info.plist; sourceTree = "<group>"; };
		FAC72D551C21F71B00F4F054 /* PhotoInfo.swift */ = {isa = PBXFileReference; fileEncoding = 4; lastKnownFileType = sourcecode.swift; path = PhotoInfo.swift; sourceTree = "<group>"; };
		FAC72D571C21F73F00F4F054 /* Comment.swift */ = {isa = PBXFileReference; fileEncoding = 4; lastKnownFileType = sourcecode.swift; path = Comment.swift; sourceTree = "<group>"; };
		FAC72D591C21F79E00F4F054 /* PopularPhotoCollectionViewController.swift */ = {isa = PBXFileReference; fileEncoding = 4; lastKnownFileType = sourcecode.swift; path = PopularPhotoCollectionViewController.swift; sourceTree = "<group>"; };
		FAC72D5B1C21F7B700F4F054 /* DownloadedPhotoCollectionViewController.swift */ = {isa = PBXFileReference; fileEncoding = 4; lastKnownFileType = sourcecode.swift; path = DownloadedPhotoCollectionViewController.swift; sourceTree = "<group>"; };
		FAC72D5D1C21F7DE00F4F054 /* PhotoDetailViewController.swift */ = {isa = PBXFileReference; fileEncoding = 4; lastKnownFileType = sourcecode.swift; path = PhotoDetailViewController.swift; sourceTree = "<group>"; };
		FAC72D5F1C21F80400F4F054 /* PhotoCommentsTableViewController.swift */ = {isa = PBXFileReference; fileEncoding = 4; lastKnownFileType = sourcecode.swift; path = PhotoCommentsTableViewController.swift; sourceTree = "<group>"; };
		FAC72D611C21F89B00F4F054 /* PhotoViewController.swift */ = {isa = PBXFileReference; fileEncoding = 4; lastKnownFileType = sourcecode.swift; path = PhotoViewController.swift; sourceTree = "<group>"; };
		FAC72D631C21F98600F4F054 /* PopularPhotoCollectionViewCell.swift */ = {isa = PBXFileReference; fileEncoding = 4; lastKnownFileType = sourcecode.swift; path = PopularPhotoCollectionViewCell.swift; sourceTree = "<group>"; };
		FAC72D651C21F99900F4F054 /* DownloadedPhotoCollectionViewCell.swift */ = {isa = PBXFileReference; fileEncoding = 4; lastKnownFileType = sourcecode.swift; path = DownloadedPhotoCollectionViewCell.swift; sourceTree = "<group>"; };
		FAC72D671C21F9B600F4F054 /* CommentTableViewCell.swift */ = {isa = PBXFileReference; fileEncoding = 4; lastKnownFileType = sourcecode.swift; path = CommentTableViewCell.swift; sourceTree = "<group>"; };
		FAC72D691C21FA4200F4F054 /* Constants.swift */ = {isa = PBXFileReference; fileEncoding = 4; lastKnownFileType = sourcecode.swift; path = Constants.swift; sourceTree = "<group>"; };
		FAC72D6B1C22004E00F4F054 /* Alamofire.xcodeproj */ = {isa = PBXFileReference; lastKnownFileType = "wrapper.pb-project"; name = Alamofire.xcodeproj; path = "Alamofire-V313/Alamofire.xcodeproj"; sourceTree = "<group>"; };
/* End PBXFileReference section */

/* Begin PBXFrameworksBuildPhase section */
		FAC72D321C21EE4700F4F054 /* Frameworks */ = {
			isa = PBXFrameworksBuildPhase;
			buildActionMask = 2147483647;
			files = (
				FAC72D831C2200C600F4F054 /* Alamofire.framework in Frameworks */,
			);
			runOnlyForDeploymentPostprocessing = 0;
		};
/* End PBXFrameworksBuildPhase section */

/* Begin PBXGroup section */
		FA000EB81CA2F3DC00B08E49 /* Screenshots */ = {
			isa = PBXGroup;
			children = (
				FA000EB91CA2F3DC00B08E49 /* iPad-Downloads.png */,
				FA000EBA1CA2F3DC00B08E49 /* iPad-Featured.png */,
				FA000EBB1CA2F3DC00B08E49 /* iPhone-Downloads.png */,
				FA000EBC1CA2F3DC00B08E49 /* iPhone-Featured.png */,
			);
			path = Screenshots;
			sourceTree = "<group>";
		};
		FAC72D2C1C21EE4700F4F054 = {
			isa = PBXGroup;
			children = (
				FAC72D6B1C22004E00F4F054 /* Alamofire.xcodeproj */,
				FAC72D371C21EE4700F4F054 /* Photomania */,
				FAC72D361C21EE4700F4F054 /* Products */,
			);
			sourceTree = "<group>";
		};
		FAC72D361C21EE4700F4F054 /* Products */ = {
			isa = PBXGroup;
			children = (
				FAC72D351C21EE4700F4F054 /* Photomania.app */,
			);
			name = Products;
			sourceTree = "<group>";
		};
		FAC72D371C21EE4700F4F054 /* Photomania */ = {
			isa = PBXGroup;
			children = (
				FA000EB81CA2F3DC00B08E49 /* Screenshots */,
				FAC72D541C21F6E300F4F054 /* Controllers */,
				FAC72D531C21F6DE00F4F054 /* Views */,
				FAC72D521C21F6D600F4F054 /* Models */,
				FAC72D381C21EE4700F4F054 /* AppDelegate.swift */,
				FAC72D3E1C21EE4700F4F054 /* Main.storyboard */,
				FAC72D411C21EE4700F4F054 /* Assets.xcassets */,
				FAC72D431C21EE4800F4F054 /* LaunchScreen.storyboard */,
				FAC72D461C21EE4800F4F054 /* Info.plist */,
			);
			path = Photomania;
			sourceTree = "<group>";
		};
		FAC72D521C21F6D600F4F054 /* Models */ = {
			isa = PBXGroup;
			children = (
				FAC72D551C21F71B00F4F054 /* PhotoInfo.swift */,
				FAC72D571C21F73F00F4F054 /* Comment.swift */,
				FAC72D691C21FA4200F4F054 /* Constants.swift */,
			);
			name = Models;
			sourceTree = "<group>";
		};
		FAC72D531C21F6DE00F4F054 /* Views */ = {
			isa = PBXGroup;
			children = (
				FAC72D631C21F98600F4F054 /* PopularPhotoCollectionViewCell.swift */,
				FAC72D651C21F99900F4F054 /* DownloadedPhotoCollectionViewCell.swift */,
				FAC72D671C21F9B600F4F054 /* CommentTableViewCell.swift */,
			);
			name = Views;
			sourceTree = "<group>";
		};
		FAC72D541C21F6E300F4F054 /* Controllers */ = {
			isa = PBXGroup;
			children = (
				FAC72D591C21F79E00F4F054 /* PopularPhotoCollectionViewController.swift */,
				FAC72D5B1C21F7B700F4F054 /* DownloadedPhotoCollectionViewController.swift */,
				FAC72D611C21F89B00F4F054 /* PhotoViewController.swift */,
				FAC72D5D1C21F7DE00F4F054 /* PhotoDetailViewController.swift */,
				FAC72D5F1C21F80400F4F054 /* PhotoCommentsTableViewController.swift */,
			);
			name = Controllers;
			sourceTree = "<group>";
		};
		FAC72D6C1C22004E00F4F054 /* Products */ = {
			isa = PBXGroup;
			children = (
				FAC72D761C22005000F4F054 /* Alamofire.framework */,
				FAC72D781C22005000F4F054 /* Alamofire iOS Tests.xctest */,
				FAC72D7A1C22005000F4F054 /* Alamofire.framework */,
				FAC72D7C1C22005000F4F054 /* Alamofire OSX Tests.xctest */,
				FAC72D7E1C22005000F4F054 /* Alamofire.framework */,
				FAC72D801C22005000F4F054 /* Alamofire tvOS Tests.xctest */,
				FAC72D821C22005000F4F054 /* Alamofire.framework */,
			);
			name = Products;
			sourceTree = "<group>";
		};
/* End PBXGroup section */

/* Begin PBXNativeTarget section */
		FAC72D341C21EE4700F4F054 /* Photomania */ = {
			isa = PBXNativeTarget;
			buildConfigurationList = FAC72D491C21EE4800F4F054 /* Build configuration list for PBXNativeTarget "Photomania" */;
			buildPhases = (
				FAC72D311C21EE4700F4F054 /* Sources */,
				FAC72D321C21EE4700F4F054 /* Frameworks */,
				FAC72D331C21EE4700F4F054 /* Resources */,
				FAC72D871C2200C700F4F054 /* Embed Frameworks */,
			);
			buildRules = (
			);
			dependencies = (
				FAC72D861C2200C600F4F054 /* PBXTargetDependency */,
			);
			name = Photomania;
			productName = Photomania;
			productReference = FAC72D351C21EE4700F4F054 /* Photomania.app */;
			productType = "com.apple.product-type.application";
		};
/* End PBXNativeTarget section */

/* Begin PBXProject section */
		FAC72D2D1C21EE4700F4F054 /* Project object */ = {
			isa = PBXProject;
			attributes = {
				LastSwiftUpdateCheck = 0720;
				LastUpgradeCheck = 0720;
				ORGANIZATIONNAME = HappyGuy;
				TargetAttributes = {
					FAC72D341C21EE4700F4F054 = {
						CreatedOnToolsVersion = 7.2;
					};
				};
			};
			buildConfigurationList = FAC72D301C21EE4700F4F054 /* Build configuration list for PBXProject "Photomania" */;
			compatibilityVersion = "Xcode 3.2";
			developmentRegion = English;
			hasScannedForEncodings = 0;
			knownRegions = (
				en,
				Base,
			);
			mainGroup = FAC72D2C1C21EE4700F4F054;
			productRefGroup = FAC72D361C21EE4700F4F054 /* Products */;
			projectDirPath = "";
			projectReferences = (
				{
					ProductGroup = FAC72D6C1C22004E00F4F054 /* Products */;
					ProjectRef = FAC72D6B1C22004E00F4F054 /* Alamofire.xcodeproj */;
				},
			);
			projectRoot = "";
			targets = (
				FAC72D341C21EE4700F4F054 /* Photomania */,
			);
		};
/* End PBXProject section */

/* Begin PBXReferenceProxy section */
		FAC72D761C22005000F4F054 /* Alamofire.framework */ = {
			isa = PBXReferenceProxy;
			fileType = wrapper.framework;
			path = Alamofire.framework;
			remoteRef = FAC72D751C22005000F4F054 /* PBXContainerItemProxy */;
			sourceTree = BUILT_PRODUCTS_DIR;
		};
		FAC72D781C22005000F4F054 /* Alamofire iOS Tests.xctest */ = {
			isa = PBXReferenceProxy;
			fileType = wrapper.cfbundle;
			path = "Alamofire iOS Tests.xctest";
			remoteRef = FAC72D771C22005000F4F054 /* PBXContainerItemProxy */;
			sourceTree = BUILT_PRODUCTS_DIR;
		};
		FAC72D7A1C22005000F4F054 /* Alamofire.framework */ = {
			isa = PBXReferenceProxy;
			fileType = wrapper.framework;
			path = Alamofire.framework;
			remoteRef = FAC72D791C22005000F4F054 /* PBXContainerItemProxy */;
			sourceTree = BUILT_PRODUCTS_DIR;
		};
		FAC72D7C1C22005000F4F054 /* Alamofire OSX Tests.xctest */ = {
			isa = PBXReferenceProxy;
			fileType = wrapper.cfbundle;
			path = "Alamofire OSX Tests.xctest";
			remoteRef = FAC72D7B1C22005000F4F054 /* PBXContainerItemProxy */;
			sourceTree = BUILT_PRODUCTS_DIR;
		};
		FAC72D7E1C22005000F4F054 /* Alamofire.framework */ = {
			isa = PBXReferenceProxy;
			fileType = wrapper.framework;
			path = Alamofire.framework;
			remoteRef = FAC72D7D1C22005000F4F054 /* PBXContainerItemProxy */;
			sourceTree = BUILT_PRODUCTS_DIR;
		};
		FAC72D801C22005000F4F054 /* Alamofire tvOS Tests.xctest */ = {
			isa = PBXReferenceProxy;
			fileType = wrapper.cfbundle;
			path = "Alamofire tvOS Tests.xctest";
			remoteRef = FAC72D7F1C22005000F4F054 /* PBXContainerItemProxy */;
			sourceTree = BUILT_PRODUCTS_DIR;
		};
		FAC72D821C22005000F4F054 /* Alamofire.framework */ = {
			isa = PBXReferenceProxy;
			fileType = wrapper.framework;
			path = Alamofire.framework;
			remoteRef = FAC72D811C22005000F4F054 /* PBXContainerItemProxy */;
			sourceTree = BUILT_PRODUCTS_DIR;
		};
/* End PBXReferenceProxy section */

/* Begin PBXResourcesBuildPhase section */
		FAC72D331C21EE4700F4F054 /* Resources */ = {
			isa = PBXResourcesBuildPhase;
			buildActionMask = 2147483647;
			files = (
				FA000EBE1CA2F3DC00B08E49 /* iPad-Featured.png in Resources */,
				FAC72D451C21EE4800F4F054 /* LaunchScreen.storyboard in Resources */,
				FA000EBF1CA2F3DC00B08E49 /* iPhone-Downloads.png in Resources */,
				FAC72D421C21EE4700F4F054 /* Assets.xcassets in Resources */,
				FAC72D401C21EE4700F4F054 /* Main.storyboard in Resources */,
				FA000EBD1CA2F3DC00B08E49 /* iPad-Downloads.png in Resources */,
				FA000EC01CA2F3DC00B08E49 /* iPhone-Featured.png in Resources */,
			);
			runOnlyForDeploymentPostprocessing = 0;
		};
/* End PBXResourcesBuildPhase section */

/* Begin PBXSourcesBuildPhase section */
		FAC72D311C21EE4700F4F054 /* Sources */ = {
			isa = PBXSourcesBuildPhase;
			buildActionMask = 2147483647;
			files = (
				FAC72D681C21F9B600F4F054 /* CommentTableViewCell.swift in Sources */,
				FAC72D661C21F99900F4F054 /* DownloadedPhotoCollectionViewCell.swift in Sources */,
				FAC72D5E1C21F7DE00F4F054 /* PhotoDetailViewController.swift in Sources */,
				FAC72D561C21F71B00F4F054 /* PhotoInfo.swift in Sources */,
				FAC72D5A1C21F79E00F4F054 /* PopularPhotoCollectionViewController.swift in Sources */,
				FAC72D581C21F73F00F4F054 /* Comment.swift in Sources */,
				FAC72D5C1C21F7B700F4F054 /* DownloadedPhotoCollectionViewController.swift in Sources */,
				FAC72D621C21F89B00F4F054 /* PhotoViewController.swift in Sources */,
				FAC72D601C21F80400F4F054 /* PhotoCommentsTableViewController.swift in Sources */,
				FAC72D641C21F98600F4F054 /* PopularPhotoCollectionViewCell.swift in Sources */,
				FAC72D391C21EE4700F4F054 /* AppDelegate.swift in Sources */,
				FAC72D6A1C21FA4200F4F054 /* Constants.swift in Sources */,
			);
			runOnlyForDeploymentPostprocessing = 0;
		};
/* End PBXSourcesBuildPhase section */

/* Begin PBXTargetDependency section */
		FAC72D861C2200C600F4F054 /* PBXTargetDependency */ = {
			isa = PBXTargetDependency;
			name = "Alamofire iOS";
			targetProxy = FAC72D851C2200C600F4F054 /* PBXContainerItemProxy */;
		};
/* End PBXTargetDependency section */

/* Begin PBXVariantGroup section */
		FAC72D3E1C21EE4700F4F054 /* Main.storyboard */ = {
			isa = PBXVariantGroup;
			children = (
				FAC72D3F1C21EE4700F4F054 /* Base */,
			);
			name = Main.storyboard;
			sourceTree = "<group>";
		};
		FAC72D431C21EE4800F4F054 /* LaunchScreen.storyboard */ = {
			isa = PBXVariantGroup;
			children = (
				FAC72D441C21EE4800F4F054 /* Base */,
			);
			name = LaunchScreen.storyboard;
			sourceTree = "<group>";
		};
/* End PBXVariantGroup section */

/* Begin XCBuildConfiguration section */
		FAC72D471C21EE4800F4F054 /* Debug */ = {
			isa = XCBuildConfiguration;
			buildSettings = {
				ALWAYS_SEARCH_USER_PATHS = NO;
				CLANG_CXX_LANGUAGE_STANDARD = "gnu++0x";
				CLANG_CXX_LIBRARY = "libc++";
				CLANG_ENABLE_MODULES = YES;
				CLANG_ENABLE_OBJC_ARC = YES;
				CLANG_WARN_BOOL_CONVERSION = YES;
				CLANG_WARN_CONSTANT_CONVERSION = YES;
				CLANG_WARN_DIRECT_OBJC_ISA_USAGE = YES_ERROR;
				CLANG_WARN_EMPTY_BODY = YES;
				CLANG_WARN_ENUM_CONVERSION = YES;
				CLANG_WARN_INT_CONVERSION = YES;
				CLANG_WARN_OBJC_ROOT_CLASS = YES_ERROR;
				CLANG_WARN_UNREACHABLE_CODE = YES;
				CLANG_WARN__DUPLICATE_METHOD_MATCH = YES;
				"CODE_SIGN_IDENTITY[sdk=iphoneos*]" = "iPhone Developer";
				COPY_PHASE_STRIP = NO;
				DEBUG_INFORMATION_FORMAT = dwarf;
				ENABLE_STRICT_OBJC_MSGSEND = YES;
				ENABLE_TESTABILITY = YES;
				GCC_C_LANGUAGE_STANDARD = gnu99;
				GCC_DYNAMIC_NO_PIC = NO;
				GCC_NO_COMMON_BLOCKS = YES;
				GCC_OPTIMIZATION_LEVEL = 0;
				GCC_PREPROCESSOR_DEFINITIONS = (
					"DEBUG=1",
					"$(inherited)",
				);
				GCC_WARN_64_TO_32_BIT_CONVERSION = YES;
				GCC_WARN_ABOUT_RETURN_TYPE = YES_ERROR;
				GCC_WARN_UNDECLARED_SELECTOR = YES;
				GCC_WARN_UNINITIALIZED_AUTOS = YES_AGGRESSIVE;
				GCC_WARN_UNUSED_FUNCTION = YES;
				GCC_WARN_UNUSED_VARIABLE = YES;
				IPHONEOS_DEPLOYMENT_TARGET = 9.2;
				MTL_ENABLE_DEBUG_INFO = YES;
				ONLY_ACTIVE_ARCH = YES;
				SDKROOT = iphoneos;
				SWIFT_OPTIMIZATION_LEVEL = "-Onone";
				TARGETED_DEVICE_FAMILY = "1,2";
			};
			name = Debug;
		};
		FAC72D481C21EE4800F4F054 /* Release */ = {
			isa = XCBuildConfiguration;
			buildSettings = {
				ALWAYS_SEARCH_USER_PATHS = NO;
				CLANG_CXX_LANGUAGE_STANDARD = "gnu++0x";
				CLANG_CXX_LIBRARY = "libc++";
				CLANG_ENABLE_MODULES = YES;
				CLANG_ENABLE_OBJC_ARC = YES;
				CLANG_WARN_BOOL_CONVERSION = YES;
				CLANG_WARN_CONSTANT_CONVERSION = YES;
				CLANG_WARN_DIRECT_OBJC_ISA_USAGE = YES_ERROR;
				CLANG_WARN_EMPTY_BODY = YES;
				CLANG_WARN_ENUM_CONVERSION = YES;
				CLANG_WARN_INT_CONVERSION = YES;
				CLANG_WARN_OBJC_ROOT_CLASS = YES_ERROR;
				CLANG_WARN_UNREACHABLE_CODE = YES;
				CLANG_WARN__DUPLICATE_METHOD_MATCH = YES;
				"CODE_SIGN_IDENTITY[sdk=iphoneos*]" = "iPhone Developer";
				COPY_PHASE_STRIP = NO;
				DEBUG_INFORMATION_FORMAT = "dwarf-with-dsym";
				ENABLE_NS_ASSERTIONS = NO;
				ENABLE_STRICT_OBJC_MSGSEND = YES;
				GCC_C_LANGUAGE_STANDARD = gnu99;
				GCC_NO_COMMON_BLOCKS = YES;
				GCC_WARN_64_TO_32_BIT_CONVERSION = YES;
				GCC_WARN_ABOUT_RETURN_TYPE = YES_ERROR;
				GCC_WARN_UNDECLARED_SELECTOR = YES;
				GCC_WARN_UNINITIALIZED_AUTOS = YES_AGGRESSIVE;
				GCC_WARN_UNUSED_FUNCTION = YES;
				GCC_WARN_UNUSED_VARIABLE = YES;
				IPHONEOS_DEPLOYMENT_TARGET = 9.2;
				MTL_ENABLE_DEBUG_INFO = NO;
				SDKROOT = iphoneos;
				TARGETED_DEVICE_FAMILY = "1,2";
				VALIDATE_PRODUCT = YES;
			};
			name = Release;
		};
		FAC72D4A1C21EE4800F4F054 /* Debug */ = {
			isa = XCBuildConfiguration;
			buildSettings = {
				ASSETCATALOG_COMPILER_APPICON_NAME = AppIcon;
				CODE_SIGN_IDENTITY = "iPhone Developer";
				EMBEDDED_CONTENT_CONTAINS_SWIFT = YES;
				INFOPLIST_FILE = Photomania/Info.plist;
				LD_RUNPATH_SEARCH_PATHS = "$(inherited) @executable_path/Frameworks";
				PRODUCT_BUNDLE_IDENTIFIER = com.happyguy.Photomania;
				PRODUCT_NAME = "$(TARGET_NAME)";
			};
			name = Debug;
		};
		FAC72D4B1C21EE4800F4F054 /* Release */ = {
			isa = XCBuildConfiguration;
			buildSettings = {
				ASSETCATALOG_COMPILER_APPICON_NAME = AppIcon;
				CODE_SIGN_IDENTITY = "iPhone Developer";
				EMBEDDED_CONTENT_CONTAINS_SWIFT = YES;
				INFOPLIST_FILE = Photomania/Info.plist;
				LD_RUNPATH_SEARCH_PATHS = "$(inherited) @executable_path/Frameworks";
				PRODUCT_BUNDLE_IDENTIFIER = com.happyguy.Photomania;
				PRODUCT_NAME = "$(TARGET_NAME)";
			};
			name = Release;
		};
/* End XCBuildConfiguration section */

/* Begin XCConfigurationList section */
		FAC72D301C21EE4700F4F054 /* Build configuration list for PBXProject "Photomania" */ = {
			isa = XCConfigurationList;
			buildConfigurations = (
				FAC72D471C21EE4800F4F054 /* Debug */,
				FAC72D481C21EE4800F4F054 /* Release */,
			);
			defaultConfigurationIsVisible = 0;
			defaultConfigurationName = Release;
		};
		FAC72D491C21EE4800F4F054 /* Build configuration list for PBXNativeTarget "Photomania" */ = {
			isa = XCConfigurationList;
			buildConfigurations = (
				FAC72D4A1C21EE4800F4F054 /* Debug */,
				FAC72D4B1C21EE4800F4F054 /* Release */,
			);
			defaultConfigurationIsVisible = 0;
			defaultConfigurationName = Release;
		};
/* End XCConfigurationList section */
	};
	rootObject = FAC72D2D1C21EE4700F4F054 /* Project object */;
}
